Microsoft Visual Studio Solution File, Format Version 12.00
# Visual Studio Version 17
VisualStudioVersion = 17.5.2.0
MinimumVisualStudioVersion = 10.0.40219.1
Project("{FAE04EC0-301F-11D3-BF4B-00C04F79EFBC}") = "azure-app-kd", "azure-app-kd.csproj", "{889CF6F4-F26D-13A3-C968-14F602ABF38D}"
EndProject
Global
	GlobalSection(SolutionConfigurationPlatforms) = preSolution
		Debug|Any CPU = Debug|Any CPU
		Release|Any CPU = Release|Any CPU
	EndGlobalSection
	GlobalSection(ProjectConfigurationPlatforms) = postSolution
		{889CF6F4-F26D-13A3-C968-14F602ABF38D}.Debug|Any CPU.ActiveCfg = Debug|Any CPU
		{889CF6F4-F26D-13A3-C968-14F602ABF38D}.Debug|Any CPU.Build.0 = Debug|Any CPU
		{889CF6F4-F26D-13A3-C968-14F602ABF38D}.Release|Any CPU.ActiveCfg = Release|Any CPU
		{889CF6F4-F26D-13A3-C968-14F602ABF38D}.Release|Any CPU.Build.0 = Release|Any CPU
	EndGlobalSection
	GlobalSection(SolutionProperties) = preSolution
		HideSolutionNode = FALSE
	EndGlobalSection
	GlobalSection(ExtensibilityGlobals) = postSolution
		SolutionGuid = {05175983-8A06-4B0C-809D-59C469E63925}
	EndGlobalSection
EndGlobal
